
Microsoft Visual Studio Solution File, Format Version 12.00
# Visual Studio Version 17
VisualStudioVersion = 17.13.35919.96
MinimumVisualStudioVersion = 10.0.40219.1
Project("{FAE04EC0-301F-11D3-BF4B-00C04F79EFBC}") = "TCC_Kinect_EpsonC4", "TCC_Kinect_EpsonC4.csproj", "{A5762E87-3544-400B-BB5C-55BE633463D3}"
EndProject
Global
	GlobalSection(SolutionConfigurationPlatforms) = preSolution
		Debug|Any CPU = Debug|Any CPU
		Release|Any CPU = Release|Any CPU
	EndGlobalSection
	GlobalSection(ProjectConfigurationPlatforms) = postSolution
		{A5762E87-3544-400B-BB5C-55BE633463D3}.Debug|Any CPU.ActiveCfg = Debug|Any CPU
		{A5762E87-3544-400B-BB5C-55BE633463D3}.Debug|Any CPU.Build.0 = Debug|Any CPU
		{A5762E87-3544-400B-BB5C-55BE633463D3}.Release|Any CPU.ActiveCfg = Release|Any CPU
		{A5762E87-3544-400B-BB5C-55BE633463D3}.Release|Any CPU.Build.0 = Release|Any CPU
	EndGlobalSection
	GlobalSection(SolutionProperties) = preSolution
		HideSolutionNode = FALSE
	EndGlobalSection
	GlobalSection(ExtensibilityGlobals) = postSolution
		SolutionGuid = {8CEBBEC7-A4D5-4753-8D28-0EF33BFE5D98}
	EndGlobalSection
EndGlobal
